
Microsoft Visual Studio Solution File, Format Version 12.00
# Visual Studio Version 16
VisualStudioVersion = 16.0.29709.97
MinimumVisualStudioVersion = 10.0.40219.1
Project("{FAE04EC0-301F-11D3-BF4B-00C04F79EFBC}") = "BattleShipGUIVersion", "BattleShipGUIVersion.csproj", "{E4B970A7-1940-49D5-BD0C-4AEF34584AEB}"
EndProject
Global
	GlobalSection(SolutionConfigurationPlatforms) = preSolution
		Debug|Any CPU = Debug|Any CPU
		Release|Any CPU = Release|Any CPU
	EndGlobalSection
	GlobalSection(ProjectConfigurationPlatforms) = postSolution
		{E4B970A7-1940-49D5-BD0C-4AEF34584AEB}.Debug|Any CPU.ActiveCfg = Debug|Any CPU
		{E4B970A7-1940-49D5-BD0C-4AEF34584AEB}.Debug|Any CPU.Build.0 = Debug|Any CPU
		{E4B970A7-1940-49D5-BD0C-4AEF34584AEB}.Release|Any CPU.ActiveCfg = Release|Any CPU
		{E4B970A7-1940-49D5-BD0C-4AEF34584AEB}.Release|Any CPU.Build.0 = Release|Any CPU
	EndGlobalSection
	GlobalSection(SolutionProperties) = preSolution
		HideSolutionNode = FALSE
	EndGlobalSection
	GlobalSection(ExtensibilityGlobals) = postSolution
		SolutionGuid = {7A55D2A2-33D7-4BAC-B235-38413CF4C688}
	EndGlobalSection
EndGlobal
